// !$*UTF8*$!
{
	archiveVersion = 1;
	classes = {
	};
	objectVersion = 56;
	objects = {

/* Begin PBXBuildFile section */
		8051C1AC294093AF00E090CE /* AppDelegate.swift in Sources */ = {isa = PBXBuildFile; fileRef = 8051C1AB294093AF00E090CE /* AppDelegate.swift */; };
		8051C1AE294093AF00E090CE /* SceneDelegate.swift in Sources */ = {isa = PBXBuildFile; fileRef = 8051C1AD294093AF00E090CE /* SceneDelegate.swift */; };
		8051C1B0294093AF00E090CE /* ViewController.swift in Sources */ = {isa = PBXBuildFile; fileRef = 8051C1AF294093AF00E090CE /* ViewController.swift */; };
		8051C1B3294093AF00E090CE /* Main.storyboard in Resources */ = {isa = PBXBuildFile; fileRef = 8051C1B1294093AF00E090CE /* Main.storyboard */; };
		8051C1B5294093B000E090CE /* Assets.xcassets in Resources */ = {isa = PBXBuildFile; fileRef = 8051C1B4294093B000E090CE /* Assets.xcassets */; };
		8051C1B8294093B000E090CE /* LaunchScreen.storyboard in Resources */ = {isa = PBXBuildFile; fileRef = 8051C1B6294093B000E090CE /* LaunchScreen.storyboard */; };
		8051C1C12948AB4700E090CE /* CollectionViewCell.swift in Sources */ = {isa = PBXBuildFile; fileRef = 8051C1BF2948AB4700E090CE /* CollectionViewCell.swift */; };
		8051C1C22948AB4700E090CE /* CollectionViewCell.xib in Resources */ = {isa = PBXBuildFile; fileRef = 8051C1C02948AB4700E090CE /* CollectionViewCell.xib */; };
/* End PBXBuildFile section */

/* Begin PBXFileReference section */
		8051C1A8294093AF00E090CE /* ARF.app */ = {isa = PBXFileReference; explicitFileType = wrapper.application; includeInIndex = 0; path = ARF.app; sourceTree = BUILT_PRODUCTS_DIR; };
		8051C1AB294093AF00E090CE /* AppDelegate.swift */ = {isa = PBXFileReference; lastKnownFileType = sourcecode.swift; path = AppDelegate.swift; sourceTree = "<group>"; };
		8051C1AD294093AF00E090CE /* SceneDelegate.swift */ = {isa = PBXFileReference; lastKnownFileType = sourcecode.swift; path = SceneDelegate.swift; sourceTree = "<group>"; };
		8051C1AF294093AF00E090CE /* ViewController.swift */ = {isa = PBXFileReference; lastKnownFileType = sourcecode.swift; path = ViewController.swift; sourceTree = "<group>"; };
		8051C1B2294093AF00E090CE /* Base */ = {isa = PBXFileReference; lastKnownFileType = file.storyboard; name = Base; path = Base.lproj/Main.storyboard; sourceTree = "<group>"; };
		8051C1B4294093B000E090CE /* Assets.xcassets */ = {isa = PBXFileReference; lastKnownFileType = folder.assetcatalog; path = Assets.xcassets; sourceTree = "<group>"; };
		8051C1B7294093B000E090CE /* Base */ = {isa = PBXFileReference; lastKnownFileType = file.storyboard; name = Base; path = Base.lproj/LaunchScreen.storyboard; sourceTree = "<group>"; };
		8051C1B9294093B000E090CE /* Info.plist */ = {isa = PBXFileReference; lastKnownFileType = text.plist.xml; path = Info.plist; sourceTree = "<group>"; };
		8051C1BF2948AB4700E090CE /* CollectionViewCell.swift */ = {isa = PBXFileReference; lastKnownFileType = sourcecode.swift; name = CollectionViewCell.swift; path = ../../../../../arfffffff/ARF/CollectionViewCell.swift; sourceTree = "<group>"; };
		8051C1C02948AB4700E090CE /* CollectionViewCell.xib */ = {isa = PBXFileReference; lastKnownFileType = file.xib; name = CollectionViewCell.xib; path = ../../../../../arfffffff/ARF/CollectionViewCell.xib; sourceTree = "<group>"; };
/* End PBXFileReference section */

/* Begin PBXFrameworksBuildPhase section */
		8051C1A5294093AF00E090CE /* Frameworks */ = {
			isa = PBXFrameworksBuildPhase;
			buildActionMask = 2147483647;
			files = (
			);
			runOnlyForDeploymentPostprocessing = 0;
		};
/* End PBXFrameworksBuildPhase section */

/* Begin PBXGroup section */
		8051C19F294093AF00E090CE = {
			isa = PBXGroup;
			children = (
				8051C1AA294093AF00E090CE /* ARF */,
				8051C1A9294093AF00E090CE /* Products */,
			);
			sourceTree = "<group>";
		};
		8051C1A9294093AF00E090CE /* Products */ = {
			isa = PBXGroup;
			children = (
				8051C1A8294093AF00E090CE /* ARF.app */,
			);
			name = Products;
			sourceTree = "<group>";
		};
		8051C1AA294093AF00E090CE /* ARF */ = {
			isa = PBXGroup;
			children = (
				8051C1AB294093AF00E090CE /* AppDelegate.swift */,
				8051C1AD294093AF00E090CE /* SceneDelegate.swift */,
				8051C1AF294093AF00E090CE /* ViewController.swift */,
				8051C1BF2948AB4700E090CE /* CollectionViewCell.swift */,
				8051C1B1294093AF00E090CE /* Main.storyboard */,
				8051C1C02948AB4700E090CE /* CollectionViewCell.xib */,
				8051C1B4294093B000E090CE /* Assets.xcassets */,
				8051C1B6294093B000E090CE /* LaunchScreen.storyboard */,
				8051C1B9294093B000E090CE /* Info.plist */,
			);
			path = ARF;
			sourceTree = "<group>";
		};
/* End PBXGroup section */

/* Begin PBXNativeTarget section */
		8051C1A7294093AF00E090CE /* ARF */ = {
			isa = PBXNativeTarget;
			buildConfigurationList = 8051C1BC294093B000E090CE /* Build configuration list for PBXNativeTarget "ARF" */;
			buildPhases = (
				8051C1A4294093AF00E090CE /* Sources */,
				8051C1A5294093AF00E090CE /* Frameworks */,
				8051C1A6294093AF00E090CE /* Resources */,
			);
			buildRules = (
			);
			dependencies = (
			);
			name = ARF;
			productName = ARF;
			productReference = 8051C1A8294093AF00E090CE /* ARF.app */;
			productType = "com.apple.product-type.application";
		};
/* End PBXNativeTarget section */

/* Begin PBXProject section */
		8051C1A0294093AF00E090CE /* Project object */ = {
			isa = PBXProject;
			attributes = {
				BuildIndependentTargetsInParallel = 1;
				LastSwiftUpdateCheck = 1410;
				LastUpgradeCheck = 1410;
				TargetAttributes = {
					8051C1A7294093AF00E090CE = {
						CreatedOnToolsVersion = 14.1;
					};
				};
			};
			buildConfigurationList = 8051C1A3294093AF00E090CE /* Build configuration list for PBXProject "ARF" */;
			compatibilityVersion = "Xcode 14.0";
			developmentRegion = en;
			hasScannedForEncodings = 0;
			knownRegions = (
				en,
				Base,
			);
			mainGroup = 8051C19F294093AF00E090CE;
			productRefGroup = 8051C1A9294093AF00E090CE /* Products */;
			projectDirPath = "";
			projectRoot = "";
			targets = (
				8051C1A7294093AF00E090CE /* ARF */,
			);
		};
/* End PBXProject section */

/* Begin PBXResourcesBuildPhase section */
		8051C1A6294093AF00E090CE /* Resources */ = {
			isa = PBXResourcesBuildPhase;
			buildActionMask = 2147483647;
			files = (
				8051C1B8294093B000E090CE /* LaunchScreen.storyboard in Resources */,
				8051C1B5294093B000E090CE /* Assets.xcassets in Resources */,
				8051C1C22948AB4700E090CE /* CollectionViewCell.xib in Resources */,
				8051C1B3294093AF00E090CE /* Main.storyboard in Resources */,
			);
			runOnlyForDeploymentPostprocessing = 0;
		};
/* End PBXResourcesBuildPhase section */

/* Begin PBXSourcesBuildPhase section */
		8051C1A4294093AF00E090CE /* Sources */ = {
			isa = PBXSourcesBuildPhase;
			buildActionMask = 2147483647;
			files = (
				8051C1B0294093AF00E090CE /* ViewController.swift in Sources */,
				8051C1AC294093AF00E090CE /* AppDelegate.swift in Sources */,
				8051C1C12948AB4700E090CE /* CollectionViewCell.swift in Sources */,
				8051C1AE294093AF00E090CE /* SceneDelegate.swift in Sources */,
			);
			runOnlyForDeploymentPostprocessing = 0;
		};
/* End PBXSourcesBuildPhase section */

/* Begin PBXVariantGroup section */
		8051C1B1294093AF00E090CE /* Main.storyboard */ = {
			isa = PBXVariantGroup;
			children = (
				8051C1B2294093AF00E090CE /* Base */,
			);
			name = Main.storyboard;
			sourceTree = "<group>";
		};
		8051C1B6294093B000E090CE /* LaunchScreen.storyboard */ = {
			isa = PBXVariantGroup;
			children = (
				8051C1B7294093B000E090CE /* Base */,
			);
			name = LaunchScreen.storyboard;
			sourceTree = "<group>";
		};
/* End PBXVariantGroup section */

/* Begin XCBuildConfiguration section */
		8051C1BA294093B000E090CE /* Debug */ = {
			isa = XCBuildConfiguration;
			buildSettings = {
				ALWAYS_SEARCH_USER_PATHS = NO;
				CLANG_ANALYZER_NONNULL = YES;
				CLANG_ANALYZER_NUMBER_OBJECT_CONVERSION = YES_AGGRESSIVE;
				CLANG_CXX_LANGUAGE_STANDARD = "gnu++20";
				CLANG_ENABLE_MODULES = YES;
				CLANG_ENABLE_OBJC_ARC = YES;
				CLANG_ENABLE_OBJC_WEAK = YES;
				CLANG_WARN_BLOCK_CAPTURE_AUTORELEASING = YES;
				CLANG_WARN_BOOL_CONVERSION = YES;
				CLANG_WARN_COMMA = YES;
				CLANG_WARN_CONSTANT_CONVERSION = YES;
				CLANG_WARN_DEPRECATED_OBJC_IMPLEMENTATIONS = YES;
				CLANG_WARN_DIRECT_OBJC_ISA_USAGE = YES_ERROR;
				CLANG_WARN_DOCUMENTATION_COMMENTS = YES;
				CLANG_WARN_EMPTY_BODY = YES;
				CLANG_WARN_ENUM_CONVERSION = YES;
				CLANG_WARN_INFINITE_RECURSION = YES;
				CLANG_WARN_INT_CONVERSION = YES;
				CLANG_WARN_NON_LITERAL_NULL_CONVERSION = YES;
				CLANG_WARN_OBJC_IMPLICIT_RETAIN_SELF = YES;
				CLANG_WARN_OBJC_LITERAL_CONVERSION = YES;
				CLANG_WARN_OBJC_ROOT_CLASS = YES_ERROR;
				CLANG_WARN_QUOTED_INCLUDE_IN_FRAMEWORK_HEADER = YES;
				CLANG_WARN_RANGE_LOOP_ANALYSIS = YES;
				CLANG_WARN_STRICT_PROTOTYPES = YES;
				CLANG_WARN_SUSPICIOUS_MOVE = YES;
				CLANG_WARN_UNGUARDED_AVAILABILITY = YES_AGGRESSIVE;
				CLANG_WARN_UNREACHABLE_CODE = YES;
				CLANG_WARN__DUPLICATE_METHOD_MATCH = YES;
				COPY_PHASE_STRIP = NO;
				DEBUG_INFORMATION_FORMAT = dwarf;
				ENABLE_STRICT_OBJC_MSGSEND = YES;
				ENABLE_TESTABILITY = YES;
				GCC_C_LANGUAGE_STANDARD = gnu11;
				GCC_DYNAMIC_NO_PIC = NO;
				GCC_NO_COMMON_BLOCKS = YES;
				GCC_OPTIMIZATION_LEVEL = 0;
				GCC_PREPROCESSOR_DEFINITIONS = (
					"DEBUG=1",
					"$(inherited)",
				);
				GCC_WARN_64_TO_32_BIT_CONVERSION = YES;
				GCC_WARN_ABOUT_RETURN_TYPE = YES_ERROR;
				GCC_WARN_UNDECLARED_SELECTOR = YES;
				GCC_WARN_UNINITIALIZED_AUTOS = YES_AGGRESSIVE;
				GCC_WARN_UNUSED_FUNCTION = YES;
				GCC_WARN_UNUSED_VARIABLE = YES;
				IPHONEOS_DEPLOYMENT_TARGET = 16.1;
				MTL_ENABLE_DEBUG_INFO = INCLUDE_SOURCE;
				MTL_FAST_MATH = YES;
				ONLY_ACTIVE_ARCH = YES;
				SDKROOT = iphoneos;
				SWIFT_ACTIVE_COMPILATION_CONDITIONS = DEBUG;
				SWIFT_OPTIMIZATION_LEVEL = "-Onone";
			};
			name = Debug;
		};
		8051C1BB294093B000E090CE /* Release */ = {
			isa = XCBuildConfiguration;
			buildSettings = {
				ALWAYS_SEARCH_USER_PATHS = NO;
				CLANG_ANALYZER_NONNULL = YES;
				CLANG_ANALYZER_NUMBER_OBJECT_CONVERSION = YES_AGGRESSIVE;
				CLANG_CXX_LANGUAGE_STANDARD = "gnu++20";
				CLANG_ENABLE_MODULES = YES;
				CLANG_ENABLE_OBJC_ARC = YES;
				CLANG_ENABLE_OBJC_WEAK = YES;
				CLANG_WARN_BLOCK_CAPTURE_AUTORELEASING = YES;
				CLANG_WARN_BOOL_CONVERSION = YES;
				CLANG_WARN_COMMA = YES;
				CLANG_WARN_CONSTANT_CONVERSION = YES;
				CLANG_WARN_DEPRECATED_OBJC_IMPLEMENTATIONS = YES;
				CLANG_WARN_DIRECT_OBJC_ISA_USAGE = YES_ERROR;
				CLANG_WARN_DOCUMENTATION_COMMENTS = YES;
				CLANG_WARN_EMPTY_BODY = YES;
				CLANG_WARN_ENUM_CONVERSION = YES;
				CLANG_WARN_INFINITE_RECURSION = YES;
				CLANG_WARN_INT_CONVERSION = YES;
				CLANG_WARN_NON_LITERAL_NULL_CONVERSION = YES;
				CLANG_WARN_OBJC_IMPLICIT_RETAIN_SELF = YES;
				CLANG_WARN_OBJC_LITERAL_CONVERSION = YES;
				CLANG_WARN_OBJC_ROOT_CLASS = YES_ERROR;
				CLANG_WARN_QUOTED_INCLUDE_IN_FRAMEWORK_HEADER = YES;
				CLANG_WARN_RANGE_LOOP_ANALYSIS = YES;
				CLANG_WARN_STRICT_PROTOTYPES = YES;
				CLANG_WARN_SUSPICIOUS_MOVE = YES;
				CLANG_WARN_UNGUARDED_AVAILABILITY = YES_AGGRESSIVE;
				CLANG_WARN_UNREACHABLE_CODE = YES;
				CLANG_WARN__DUPLICATE_METHOD_MATCH = YES;
				COPY_PHASE_STRIP = NO;
				DEBUG_INFORMATION_FORMAT = "dwarf-with-dsym";
				ENABLE_NS_ASSERTIONS = NO;
				ENABLE_STRICT_OBJC_MSGSEND = YES;
				GCC_C_LANGUAGE_STANDARD = gnu11;
				GCC_NO_COMMON_BLOCKS = YES;
				GCC_WARN_64_TO_32_BIT_CONVERSION = YES;
				GCC_WARN_ABOUT_RETURN_TYPE = YES_ERROR;
				GCC_WARN_UNDECLARED_SELECTOR = YES;
				GCC_WARN_UNINITIALIZED_AUTOS = YES_AGGRESSIVE;
				GCC_WARN_UNUSED_FUNCTION = YES;
				GCC_WARN_UNUSED_VARIABLE = YES;
				IPHONEOS_DEPLOYMENT_TARGET = 16.1;
				MTL_ENABLE_DEBUG_INFO = NO;
				MTL_FAST_MATH = YES;
				SDKROOT = iphoneos;
				SWIFT_COMPILATION_MODE = wholemodule;
				SWIFT_OPTIMIZATION_LEVEL = "-O";
				VALIDATE_PRODUCT = YES;
			};
			name = Release;
		};
		8051C1BD294093B000E090CE /* Debug */ = {
			isa = XCBuildConfiguration;
			buildSettings = {
				ASSETCATALOG_COMPILER_APPICON_NAME = AppIcon;
				ASSETCATALOG_COMPILER_GLOBAL_ACCENT_COLOR_NAME = AccentColor;
				CODE_SIGN_STYLE = Automatic;
				CURRENT_PROJECT_VERSION = 1;
				DEVELOPMENT_TEAM = X8FXTL4C95;
				GENERATE_INFOPLIST_FILE = YES;
				INFOPLIST_FILE = ARF/Info.plist;
				INFOPLIST_KEY_UIApplicationSupportsIndirectInputEvents = YES;
				INFOPLIST_KEY_UILaunchStoryboardName = LaunchScreen;
				INFOPLIST_KEY_UIMainStoryboardFile = Main;
				INFOPLIST_KEY_UISupportedInterfaceOrientations_iPad = "UIInterfaceOrientationPortrait UIInterfaceOrientationPortraitUpsideDown UIInterfaceOrientationLandscapeLeft UIInterfaceOrientationLandscapeRight";
				INFOPLIST_KEY_UISupportedInterfaceOrientations_iPhone = "UIInterfaceOrientationPortrait UIInterfaceOrientationLandscapeLeft UIInterfaceOrientationLandscapeRight";
				LD_RUNPATH_SEARCH_PATHS = (
					"$(inherited)",
					"@executable_path/Frameworks",
				);
				MARKETING_VERSION = 1.0;
				PRODUCT_BUNDLE_IDENTIFIER = app.namekawa.yurie.ARF;
				PRODUCT_NAME = "$(TARGET_NAME)";
				SWIFT_EMIT_LOC_STRINGS = YES;
				SWIFT_VERSION = 5.0;
				TARGETED_DEVICE_FAMILY = "1,2";
			};
			name = Debug;
		};
		8051C1BE294093B000E090CE /* Release */ = {
			isa = XCBuildConfiguration;
			buildSettings = {
				ASSETCATALOG_COMPILER_APPICON_NAME = AppIcon;
				ASSETCATALOG_COMPILER_GLOBAL_ACCENT_COLOR_NAME = AccentColor;
				CODE_SIGN_STYLE = Automatic;
				CURRENT_PROJECT_VERSION = 1;
				DEVELOPMENT_TEAM = X8FXTL4C95;
				GENERATE_INFOPLIST_FILE = YES;
				INFOPLIST_FILE = ARF/Info.plist;
				INFOPLIST_KEY_UIApplicationSupportsIndirectInputEvents = YES;
				INFOPLIST_KEY_UILaunchStoryboardName = LaunchScreen;
				INFOPLIST_KEY_UIMainStoryboardFile = Main;
				INFOPLIST_KEY_UISupportedInterfaceOrientations_iPad = "UIInterfaceOrientationPortrait UIInterfaceOrientationPortraitUpsideDown UIInterfaceOrientationLandscapeLeft UIInterfaceOrientationLandscapeRight";
				INFOPLIST_KEY_UISupportedInterfaceOrientations_iPhone = "UIInterfaceOrientationPortrait UIInterfaceOrientationLandscapeLeft UIInterfaceOrientationLandscapeRight";
				LD_RUNPATH_SEARCH_PATHS = (
					"$(inherited)",
					"@executable_path/Frameworks",
				);
				MARKETING_VERSION = 1.0;
				PRODUCT_BUNDLE_IDENTIFIER = app.namekawa.yurie.ARF;
				PRODUCT_NAME = "$(TARGET_NAME)";
				SWIFT_EMIT_LOC_STRINGS = YES;
				SWIFT_VERSION = 5.0;
				TARGETED_DEVICE_FAMILY = "1,2";
			};
			name = Release;
		};
/* End XCBuildConfiguration section */

/* Begin XCConfigurationList section */
		8051C1A3294093AF00E090CE /* Build configuration list for PBXProject "ARF" */ = {
			isa = XCConfigurationList;
			buildConfigurations = (
				8051C1BA294093B000E090CE /* Debug */,
				8051C1BB294093B000E090CE /* Release */,
			);
			defaultConfigurationIsVisible = 0;
			defaultConfigurationName = Release;
		};
		8051C1BC294093B000E090CE /* Build configuration list for PBXNativeTarget "ARF" */ = {
			isa = XCConfigurationList;
			buildConfigurations = (
				8051C1BD294093B000E090CE /* Debug */,
				8051C1BE294093B000E090CE /* Release */,
			);
			defaultConfigurationIsVisible = 0;
			defaultConfigurationName = Release;
		};
/* End XCConfigurationList section */
	};
	rootObject = 8051C1A0294093AF00E090CE /* Project object */;
}
